// !$*UTF8*$!
{
	archiveVersion = 1;
	classes = {
	};
	objectVersion = 56;
	objects = {

/* Begin PBXBuildFile section */
		FF557C502B96292900EECCBC /* GlobalSharedStateApp.swift in Sources */ = {isa = PBXBuildFile; fileRef = FF557C4F2B96292900EECCBC /* GlobalSharedStateApp.swift */; };
		FF557C542B96292A00EECCBC /* Assets.xcassets in Resources */ = {isa = PBXBuildFile; fileRef = FF557C532B96292A00EECCBC /* Assets.xcassets */; };
		FF557C572B96292A00EECCBC /* Preview Assets.xcassets in Resources */ = {isa = PBXBuildFile; fileRef = FF557C562B96292A00EECCBC /* Preview Assets.xcassets */; };
		FF557C602B962D9B00EECCBC /* ComposableArchitecture in Frameworks */ = {isa = PBXBuildFile; productRef = FF557C5F2B962D9B00EECCBC /* ComposableArchitecture */; };
		FF557C622B962DDE00EECCBC /* PlayerState.swift in Sources */ = {isa = PBXBuildFile; fileRef = FF557C612B962DDE00EECCBC /* PlayerState.swift */; };
		FF557C682B96304A00EECCBC /* PlayerStateClient.swift in Sources */ = {isa = PBXBuildFile; fileRef = FF557C672B96304A00EECCBC /* PlayerStateClient.swift */; };
		FF557C6B2B96317300EECCBC /* AppReducer.swift in Sources */ = {isa = PBXBuildFile; fileRef = FF557C6A2B96317300EECCBC /* AppReducer.swift */; };
		FF557C6F2B96353900EECCBC /* App.swift in Sources */ = {isa = PBXBuildFile; fileRef = FF557C6E2B96353900EECCBC /* App.swift */; };
		FF557C722B96394500EECCBC /* MainView.swift in Sources */ = {isa = PBXBuildFile; fileRef = FF557C712B96394500EECCBC /* MainView.swift */; };
		FF557C742B96422A00EECCBC /* MainReducer.swift in Sources */ = {isa = PBXBuildFile; fileRef = FF557C732B96422A00EECCBC /* MainReducer.swift */; };
		FF557C762B9701AB00EECCBC /* PlayerClient.swift in Sources */ = {isa = PBXBuildFile; fileRef = FF557C752B9701AB00EECCBC /* PlayerClient.swift */; };
/* End PBXBuildFile section */

/* Begin PBXFileReference section */
		FF557C4C2B96292900EECCBC /* GlobalSharedState.app */ = {isa = PBXFileReference; explicitFileType = wrapper.application; includeInIndex = 0; path = GlobalSharedState.app; sourceTree = BUILT_PRODUCTS_DIR; };
		FF557C4F2B96292900EECCBC /* GlobalSharedStateApp.swift */ = {isa = PBXFileReference; lastKnownFileType = sourcecode.swift; path = GlobalSharedStateApp.swift; sourceTree = "<group>"; };
		FF557C532B96292A00EECCBC /* Assets.xcassets */ = {isa = PBXFileReference; lastKnownFileType = folder.assetcatalog; path = Assets.xcassets; sourceTree = "<group>"; };
		FF557C562B96292A00EECCBC /* Preview Assets.xcassets */ = {isa = PBXFileReference; lastKnownFileType = folder.assetcatalog; path = "Preview Assets.xcassets"; sourceTree = "<group>"; };
		FF557C582B96292A00EECCBC /* GlobalSharedState.entitlements */ = {isa = PBXFileReference; lastKnownFileType = text.plist.entitlements; path = GlobalSharedState.entitlements; sourceTree = "<group>"; };
		FF557C612B962DDE00EECCBC /* PlayerState.swift */ = {isa = PBXFileReference; lastKnownFileType = sourcecode.swift; path = PlayerState.swift; sourceTree = "<group>"; };
		FF557C672B96304A00EECCBC /* PlayerStateClient.swift */ = {isa = PBXFileReference; lastKnownFileType = sourcecode.swift; path = PlayerStateClient.swift; sourceTree = "<group>"; };
		FF557C6A2B96317300EECCBC /* AppReducer.swift */ = {isa = PBXFileReference; lastKnownFileType = sourcecode.swift; path = AppReducer.swift; sourceTree = "<group>"; };
		FF557C6E2B96353900EECCBC /* App.swift */ = {isa = PBXFileReference; lastKnownFileType = sourcecode.swift; path = App.swift; sourceTree = "<group>"; };
		FF557C712B96394500EECCBC /* MainView.swift */ = {isa = PBXFileReference; lastKnownFileType = sourcecode.swift; path = MainView.swift; sourceTree = "<group>"; };
		FF557C732B96422A00EECCBC /* MainReducer.swift */ = {isa = PBXFileReference; lastKnownFileType = sourcecode.swift; path = MainReducer.swift; sourceTree = "<group>"; };
		FF557C752B9701AB00EECCBC /* PlayerClient.swift */ = {isa = PBXFileReference; lastKnownFileType = sourcecode.swift; path = PlayerClient.swift; sourceTree = "<group>"; };
/* End PBXFileReference section */

/* Begin PBXFrameworksBuildPhase section */
		FF557C492B96292900EECCBC /* Frameworks */ = {
			isa = PBXFrameworksBuildPhase;
			buildActionMask = 2147483647;
			files = (
				FF557C602B962D9B00EECCBC /* ComposableArchitecture in Frameworks */,
			);
			runOnlyForDeploymentPostprocessing = 0;
		};
/* End PBXFrameworksBuildPhase section */

/* Begin PBXGroup section */
		FF557C432B96292900EECCBC = {
			isa = PBXGroup;
			children = (
				FF557C4E2B96292900EECCBC /* GlobalSharedState */,
				FF557C4D2B96292900EECCBC /* Products */,
			);
			sourceTree = "<group>";
		};
		FF557C4D2B96292900EECCBC /* Products */ = {
			isa = PBXGroup;
			children = (
				FF557C4C2B96292900EECCBC /* GlobalSharedState.app */,
			);
			name = Products;
			sourceTree = "<group>";
		};
		FF557C4E2B96292900EECCBC /* GlobalSharedState */ = {
			isa = PBXGroup;
			children = (
				FF557C582B96292A00EECCBC /* GlobalSharedState.entitlements */,
				FF557C4F2B96292900EECCBC /* GlobalSharedStateApp.swift */,
				FF557C532B96292A00EECCBC /* Assets.xcassets */,
				FF557C642B962E3E00EECCBC /* Features */,
				FF557C632B962E3600EECCBC /* Global */,
				FF557C552B96292A00EECCBC /* Preview Content */,
			);
			path = GlobalSharedState;
			sourceTree = "<group>";
		};
		FF557C552B96292A00EECCBC /* Preview Content */ = {
			isa = PBXGroup;
			children = (
				FF557C562B96292A00EECCBC /* Preview Assets.xcassets */,
			);
			path = "Preview Content";
			sourceTree = "<group>";
		};
		FF557C632B962E3600EECCBC /* Global */ = {
			isa = PBXGroup;
			children = (
				FF557C752B9701AB00EECCBC /* PlayerClient.swift */,
				FF557C612B962DDE00EECCBC /* PlayerState.swift */,
				FF557C672B96304A00EECCBC /* PlayerStateClient.swift */,
			);
			path = Global;
			sourceTree = "<group>";
		};
		FF557C642B962E3E00EECCBC /* Features */ = {
			isa = PBXGroup;
			children = (
				FF557C702B96392800EECCBC /* Main */,
				FF557C692B96313900EECCBC /* App */,
			);
			path = Features;
			sourceTree = "<group>";
		};
		FF557C692B96313900EECCBC /* App */ = {
			isa = PBXGroup;
			children = (
				FF557C6A2B96317300EECCBC /* AppReducer.swift */,
				FF557C6E2B96353900EECCBC /* App.swift */,
			);
			path = App;
			sourceTree = "<group>";
		};
		FF557C702B96392800EECCBC /* Main */ = {
			isa = PBXGroup;
			children = (
				FF557C712B96394500EECCBC /* MainView.swift */,
				FF557C732B96422A00EECCBC /* MainReducer.swift */,
			);
			path = Main;
			sourceTree = "<group>";
		};
/* End PBXGroup section */

/* Begin PBXNativeTarget section */
		FF557C4B2B96292900EECCBC /* GlobalSharedState */ = {
			isa = PBXNativeTarget;
			buildConfigurationList = FF557C5B2B96292A00EECCBC /* Build configuration list for PBXNativeTarget "GlobalSharedState" */;
			buildPhases = (
				FF557C482B96292900EECCBC /* Sources */,
				FF557C492B96292900EECCBC /* Frameworks */,
				FF557C4A2B96292900EECCBC /* Resources */,
			);
			buildRules = (
			);
			dependencies = (
			);
			name = GlobalSharedState;
			packageProductDependencies = (
				FF557C5F2B962D9B00EECCBC /* ComposableArchitecture */,
			);
			productName = GlobalSharedState;
			productReference = FF557C4C2B96292900EECCBC /* GlobalSharedState.app */;
			productType = "com.apple.product-type.application";
		};
/* End PBXNativeTarget section */

/* Begin PBXProject section */
		FF557C442B96292900EECCBC /* Project object */ = {
			isa = PBXProject;
			attributes = {
				BuildIndependentTargetsInParallel = 1;
				LastSwiftUpdateCheck = 1500;
				LastUpgradeCheck = 1500;
				TargetAttributes = {
					FF557C4B2B96292900EECCBC = {
						CreatedOnToolsVersion = 15.0;
					};
				};
			};
			buildConfigurationList = FF557C472B96292900EECCBC /* Build configuration list for PBXProject "GlobalSharedState" */;
			compatibilityVersion = "Xcode 14.0";
			developmentRegion = en;
			hasScannedForEncodings = 0;
			knownRegions = (
				en,
				Base,
			);
			mainGroup = FF557C432B96292900EECCBC;
			packageReferences = (
				FF557C5E2B962D9B00EECCBC /* XCRemoteSwiftPackageReference "swift-composable-architecture" */,
			);
			productRefGroup = FF557C4D2B96292900EECCBC /* Products */;
			projectDirPath = "";
			projectRoot = "";
			targets = (
				FF557C4B2B96292900EECCBC /* GlobalSharedState */,
			);
		};
/* End PBXProject section */

/* Begin PBXResourcesBuildPhase section */
		FF557C4A2B96292900EECCBC /* Resources */ = {
			isa = PBXResourcesBuildPhase;
			buildActionMask = 2147483647;
			files = (
				FF557C572B96292A00EECCBC /* Preview Assets.xcassets in Resources */,
				FF557C542B96292A00EECCBC /* Assets.xcassets in Resources */,
			);
			runOnlyForDeploymentPostprocessing = 0;
		};
/* End PBXResourcesBuildPhase section */

/* Begin PBXSourcesBuildPhase section */
		FF557C482B96292900EECCBC /* Sources */ = {
			isa = PBXSourcesBuildPhase;
			buildActionMask = 2147483647;
			files = (
				FF557C762B9701AB00EECCBC /* PlayerClient.swift in Sources */,
				FF557C6B2B96317300EECCBC /* AppReducer.swift in Sources */,
				FF557C722B96394500EECCBC /* MainView.swift in Sources */,
				FF557C622B962DDE00EECCBC /* PlayerState.swift in Sources */,
				FF557C502B96292900EECCBC /* GlobalSharedStateApp.swift in Sources */,
				FF557C6F2B96353900EECCBC /* App.swift in Sources */,
				FF557C682B96304A00EECCBC /* PlayerStateClient.swift in Sources */,
				FF557C742B96422A00EECCBC /* MainReducer.swift in Sources */,
			);
			runOnlyForDeploymentPostprocessing = 0;
		};
/* End PBXSourcesBuildPhase section */

/* Begin XCBuildConfiguration section */
		FF557C592B96292A00EECCBC /* Debug */ = {
			isa = XCBuildConfiguration;
			buildSettings = {
				ALWAYS_SEARCH_USER_PATHS = NO;
				ASSETCATALOG_COMPILER_GENERATE_SWIFT_ASSET_SYMBOL_EXTENSIONS = YES;
				CLANG_ANALYZER_NONNULL = YES;
				CLANG_ANALYZER_NUMBER_OBJECT_CONVERSION = YES_AGGRESSIVE;
				CLANG_CXX_LANGUAGE_STANDARD = "gnu++20";
				CLANG_ENABLE_MODULES = YES;
				CLANG_ENABLE_OBJC_ARC = YES;
				CLANG_ENABLE_OBJC_WEAK = YES;
				CLANG_WARN_BLOCK_CAPTURE_AUTORELEASING = YES;
				CLANG_WARN_BOOL_CONVERSION = YES;
				CLANG_WARN_COMMA = YES;
				CLANG_WARN_CONSTANT_CONVERSION = YES;
				CLANG_WARN_DEPRECATED_OBJC_IMPLEMENTATIONS = YES;
				CLANG_WARN_DIRECT_OBJC_ISA_USAGE = YES_ERROR;
				CLANG_WARN_DOCUMENTATION_COMMENTS = YES;
				CLANG_WARN_EMPTY_BODY = YES;
				CLANG_WARN_ENUM_CONVERSION = YES;
				CLANG_WARN_INFINITE_RECURSION = YES;
				CLANG_WARN_INT_CONVERSION = YES;
				CLANG_WARN_NON_LITERAL_NULL_CONVERSION = YES;
				CLANG_WARN_OBJC_IMPLICIT_RETAIN_SELF = YES;
				CLANG_WARN_OBJC_LITERAL_CONVERSION = YES;
				CLANG_WARN_OBJC_ROOT_CLASS = YES_ERROR;
				CLANG_WARN_QUOTED_INCLUDE_IN_FRAMEWORK_HEADER = YES;
				CLANG_WARN_RANGE_LOOP_ANALYSIS = YES;
				CLANG_WARN_STRICT_PROTOTYPES = YES;
				CLANG_WARN_SUSPICIOUS_MOVE = YES;
				CLANG_WARN_UNGUARDED_AVAILABILITY = YES_AGGRESSIVE;
				CLANG_WARN_UNREACHABLE_CODE = YES;
				CLANG_WARN__DUPLICATE_METHOD_MATCH = YES;
				COPY_PHASE_STRIP = NO;
				DEBUG_INFORMATION_FORMAT = dwarf;
				ENABLE_STRICT_OBJC_MSGSEND = YES;
				ENABLE_TESTABILITY = YES;
				ENABLE_USER_SCRIPT_SANDBOXING = YES;
				GCC_C_LANGUAGE_STANDARD = gnu17;
				GCC_DYNAMIC_NO_PIC = NO;
				GCC_NO_COMMON_BLOCKS = YES;
				GCC_OPTIMIZATION_LEVEL = 0;
				GCC_PREPROCESSOR_DEFINITIONS = (
					"DEBUG=1",
					"$(inherited)",
				);
				GCC_WARN_64_TO_32_BIT_CONVERSION = YES;
				GCC_WARN_ABOUT_RETURN_TYPE = YES_ERROR;
				GCC_WARN_UNDECLARED_SELECTOR = YES;
				GCC_WARN_UNINITIALIZED_AUTOS = YES_AGGRESSIVE;
				GCC_WARN_UNUSED_FUNCTION = YES;
				GCC_WARN_UNUSED_VARIABLE = YES;
				LOCALIZATION_PREFERS_STRING_CATALOGS = YES;
				MACOSX_DEPLOYMENT_TARGET = 14.0;
				MTL_ENABLE_DEBUG_INFO = INCLUDE_SOURCE;
				MTL_FAST_MATH = YES;
				ONLY_ACTIVE_ARCH = YES;
				SDKROOT = macosx;
				SWIFT_ACTIVE_COMPILATION_CONDITIONS = "DEBUG $(inherited)";
				SWIFT_OPTIMIZATION_LEVEL = "-Onone";
			};
			name = Debug;
		};
		FF557C5A2B96292A00EECCBC /* Release */ = {
			isa = XCBuildConfiguration;
			buildSettings = {
				ALWAYS_SEARCH_USER_PATHS = NO;
				ASSETCATALOG_COMPILER_GENERATE_SWIFT_ASSET_SYMBOL_EXTENSIONS = YES;
				CLANG_ANALYZER_NONNULL = YES;
				CLANG_ANALYZER_NUMBER_OBJECT_CONVERSION = YES_AGGRESSIVE;
				CLANG_CXX_LANGUAGE_STANDARD = "gnu++20";
				CLANG_ENABLE_MODULES = YES;
				CLANG_ENABLE_OBJC_ARC = YES;
				CLANG_ENABLE_OBJC_WEAK = YES;
				CLANG_WARN_BLOCK_CAPTURE_AUTORELEASING = YES;
				CLANG_WARN_BOOL_CONVERSION = YES;
				CLANG_WARN_COMMA = YES;
				CLANG_WARN_CONSTANT_CONVERSION = YES;
				CLANG_WARN_DEPRECATED_OBJC_IMPLEMENTATIONS = YES;
				CLANG_WARN_DIRECT_OBJC_ISA_USAGE = YES_ERROR;
				CLANG_WARN_DOCUMENTATION_COMMENTS = YES;
				CLANG_WARN_EMPTY_BODY = YES;
				CLANG_WARN_ENUM_CONVERSION = YES;
				CLANG_WARN_INFINITE_RECURSION = YES;
				CLANG_WARN_INT_CONVERSION = YES;
				CLANG_WARN_NON_LITERAL_NULL_CONVERSION = YES;
				CLANG_WARN_OBJC_IMPLICIT_RETAIN_SELF = YES;
				CLANG_WARN_OBJC_LITERAL_CONVERSION = YES;
				CLANG_WARN_OBJC_ROOT_CLASS = YES_ERROR;
				CLANG_WARN_QUOTED_INCLUDE_IN_FRAMEWORK_HEADER = YES;
				CLANG_WARN_RANGE_LOOP_ANALYSIS = YES;
				CLANG_WARN_STRICT_PROTOTYPES = YES;
				CLANG_WARN_SUSPICIOUS_MOVE = YES;
				CLANG_WARN_UNGUARDED_AVAILABILITY = YES_AGGRESSIVE;
				CLANG_WARN_UNREACHABLE_CODE = YES;
				CLANG_WARN__DUPLICATE_METHOD_MATCH = YES;
				COPY_PHASE_STRIP = NO;
				DEBUG_INFORMATION_FORMAT = "dwarf-with-dsym";
				ENABLE_NS_ASSERTIONS = NO;
				ENABLE_STRICT_OBJC_MSGSEND = YES;
				ENABLE_USER_SCRIPT_SANDBOXING = YES;
				GCC_C_LANGUAGE_STANDARD = gnu17;
				GCC_NO_COMMON_BLOCKS = YES;
				GCC_WARN_64_TO_32_BIT_CONVERSION = YES;
				GCC_WARN_ABOUT_RETURN_TYPE = YES_ERROR;
				GCC_WARN_UNDECLARED_SELECTOR = YES;
				GCC_WARN_UNINITIALIZED_AUTOS = YES_AGGRESSIVE;
				GCC_WARN_UNUSED_FUNCTION = YES;
				GCC_WARN_UNUSED_VARIABLE = YES;
				LOCALIZATION_PREFERS_STRING_CATALOGS = YES;
				MACOSX_DEPLOYMENT_TARGET = 14.0;
				MTL_ENABLE_DEBUG_INFO = NO;
				MTL_FAST_MATH = YES;
				SDKROOT = macosx;
				SWIFT_COMPILATION_MODE = wholemodule;
			};
			name = Release;
		};
		FF557C5C2B96292A00EECCBC /* Debug */ = {
			isa = XCBuildConfiguration;
			buildSettings = {
				ASSETCATALOG_COMPILER_APPICON_NAME = AppIcon;
				ASSETCATALOG_COMPILER_GLOBAL_ACCENT_COLOR_NAME = AccentColor;
				CODE_SIGN_ENTITLEMENTS = GlobalSharedState/GlobalSharedState.entitlements;
				CODE_SIGN_STYLE = Automatic;
				COMBINE_HIDPI_IMAGES = YES;
				CURRENT_PROJECT_VERSION = 1;
				DEVELOPMENT_ASSET_PATHS = "\"GlobalSharedState/Preview Content\"";
				DEVELOPMENT_TEAM = 54HW5825ZV;
				ENABLE_HARDENED_RUNTIME = YES;
				ENABLE_PREVIEWS = YES;
				GENERATE_INFOPLIST_FILE = YES;
				INFOPLIST_KEY_NSHumanReadableCopyright = "";
				LD_RUNPATH_SEARCH_PATHS = (
					"$(inherited)",
					"@executable_path/../Frameworks",
				);
				MACOSX_DEPLOYMENT_TARGET = 13.0;
				MARKETING_VERSION = 1.0;
				PRODUCT_BUNDLE_IDENTIFIER = com.heavylightapps.GlobalSharedState;
				PRODUCT_NAME = "$(TARGET_NAME)";
				SWIFT_EMIT_LOC_STRINGS = YES;
				SWIFT_VERSION = 5.0;
			};
			name = Debug;
		};
		FF557C5D2B96292A00EECCBC /* Release */ = {
			isa = XCBuildConfiguration;
			buildSettings = {
				ASSETCATALOG_COMPILER_APPICON_NAME = AppIcon;
				ASSETCATALOG_COMPILER_GLOBAL_ACCENT_COLOR_NAME = AccentColor;
				CODE_SIGN_ENTITLEMENTS = GlobalSharedState/GlobalSharedState.entitlements;
				CODE_SIGN_STYLE = Automatic;
				COMBINE_HIDPI_IMAGES = YES;
				CURRENT_PROJECT_VERSION = 1;
				DEVELOPMENT_ASSET_PATHS = "\"GlobalSharedState/Preview Content\"";
				DEVELOPMENT_TEAM = 54HW5825ZV;
				ENABLE_HARDENED_RUNTIME = YES;
				ENABLE_PREVIEWS = YES;
				GENERATE_INFOPLIST_FILE = YES;
				INFOPLIST_KEY_NSHumanReadableCopyright = "";
				LD_RUNPATH_SEARCH_PATHS = (
					"$(inherited)",
					"@executable_path/../Frameworks",
				);
				MACOSX_DEPLOYMENT_TARGET = 13.0;
				MARKETING_VERSION = 1.0;
				PRODUCT_BUNDLE_IDENTIFIER = com.heavylightapps.GlobalSharedState;
				PRODUCT_NAME = "$(TARGET_NAME)";
				SWIFT_EMIT_LOC_STRINGS = YES;
				SWIFT_VERSION = 5.0;
			};
			name = Release;
		};
/* End XCBuildConfiguration section */

/* Begin XCConfigurationList section */
		FF557C472B96292900EECCBC /* Build configuration list for PBXProject "GlobalSharedState" */ = {
			isa = XCConfigurationList;
			buildConfigurations = (
				FF557C592B96292A00EECCBC /* Debug */,
				FF557C5A2B96292A00EECCBC /* Release */,
			);
			defaultConfigurationIsVisible = 0;
			defaultConfigurationName = Release;
		};
		FF557C5B2B96292A00EECCBC /* Build configuration list for PBXNativeTarget "GlobalSharedState" */ = {
			isa = XCConfigurationList;
			buildConfigurations = (
				FF557C5C2B96292A00EECCBC /* Debug */,
				FF557C5D2B96292A00EECCBC /* Release */,
			);
			defaultConfigurationIsVisible = 0;
			defaultConfigurationName = Release;
		};
/* End XCConfigurationList section */

/* Begin XCRemoteSwiftPackageReference section */
		FF557C5E2B962D9B00EECCBC /* XCRemoteSwiftPackageReference "swift-composable-architecture" */ = {
			isa = XCRemoteSwiftPackageReference;
			repositoryURL = "https://github.com/pointfreeco/swift-composable-architecture";
			requirement = {
				kind = upToNextMajorVersion;
				minimumVersion = 1.8.2;
			};
		};
/* End XCRemoteSwiftPackageReference section */

/* Begin XCSwiftPackageProductDependency section */
		FF557C5F2B962D9B00EECCBC /* ComposableArchitecture */ = {
			isa = XCSwiftPackageProductDependency;
			package = FF557C5E2B962D9B00EECCBC /* XCRemoteSwiftPackageReference "swift-composable-architecture" */;
			productName = ComposableArchitecture;
		};
/* End XCSwiftPackageProductDependency section */
	};
	rootObject = FF557C442B96292900EECCBC /* Project object */;
}
